# This file is automatically @generated by Wally.
# It is not intended for manual editing.
registry = "test"

[[package]]
name = "brooke/roblox-project-template"
version = "0.1.0"
dependencies = [["Charm", "littensy/charm@0.8.1"], ["CharmSync", "littensy/charm-sync@0.1.1"], ["Janitor", "howmanysmall/janitor@1.17.0"], ["Promise", "lukadev-0/typed-promise@4.0.2"], ["React", "jsdotlua/react@17.2.1"], ["React-Reflex", "littensy/react-reflex@0.3.6"], ["ReactCharm", "littensy/react-charm@0.1.1"], ["ReactErrorBoundary", "chriscerie/react-error-boundary@0.2.0"], ["ReactRoblox", "jsdotlua/react-roblox@17.2.1"], ["Reflex", "littensy/reflex@4.3.1"], ["Remo", "littensy/remo@1.5.1"], ["Ripple", "littensy/ripple@0.9.3"], ["Sift", "csqrl/sift@0.0.9"], ["UI-Labs", "pepeeltoro41/ui-labs@2.3.5"]]

[[package]]
name = "chriscerie/react-error-boundary"
version = "0.2.0"
dependencies = [["Collections", "jsdotlua/collections@1.2.7"], ["LuauPolyfill", "jsdotlua/luau-polyfill@1.2.7"], ["React", "jsdotlua/react@17.2.1"], ["ReactRoblox", "jsdotlua/react-roblox@17.2.1"], ["Sift", "csqrl/sift@0.0.9"], ["TestEZ", "roblox/testez@0.4.1"]]

[[package]]
name = "csqrl/sift"
version = "0.0.9"
dependencies = []

[[package]]
name = "evaera/promise"
version = "4.0.0"
dependencies = []

[[package]]
name = "howmanysmall/janitor"
version = "1.17.0"
dependencies = [["Promise", "evaera/promise@4.0.0"]]

[[package]]
name = "jsdotlua/boolean"
version = "1.2.7"
dependencies = [["number", "jsdotlua/number@1.2.7"]]

[[package]]
name = "jsdotlua/collections"
version = "1.2.7"
dependencies = [["es7-types", "jsdotlua/es7-types@1.2.7"], ["instance-of", "jsdotlua/instance-of@1.2.7"]]

[[package]]
name = "jsdotlua/console"
version = "1.2.7"
dependencies = [["collections", "jsdotlua/collections@1.2.7"]]

[[package]]
name = "jsdotlua/es7-types"
version = "1.2.7"
dependencies = []

[[package]]
name = "jsdotlua/instance-of"
version = "1.2.7"
dependencies = []

[[package]]
name = "jsdotlua/luau-polyfill"
version = "1.2.7"
dependencies = [["boolean", "jsdotlua/boolean@1.2.7"], ["collections", "jsdotlua/collections@1.2.7"], ["console", "jsdotlua/console@1.2.7"], ["es7-types", "jsdotlua/es7-types@1.2.7"], ["instance-of", "jsdotlua/instance-of@1.2.7"], ["math", "jsdotlua/math@1.2.7"], ["number", "jsdotlua/number@1.2.7"], ["string", "jsdotlua/string@1.2.7"], ["symbol-luau", "jsdotlua/symbol-luau@1.0.1"], ["timers", "jsdotlua/timers@1.2.7"]]

[[package]]
name = "jsdotlua/math"
version = "1.2.7"
dependencies = []

[[package]]
name = "jsdotlua/number"
version = "1.2.7"
dependencies = []

[[package]]
name = "jsdotlua/promise"
version = "3.5.2"
dependencies = []

[[package]]
name = "jsdotlua/react"
version = "17.2.1"
dependencies = [["luau-polyfill", "jsdotlua/luau-polyfill@1.2.7"], ["shared", "jsdotlua/shared@17.2.1"]]

[[package]]
name = "jsdotlua/react-reconciler"
version = "17.2.1"
dependencies = [["luau-polyfill", "jsdotlua/luau-polyfill@1.2.7"], ["promise", "jsdotlua/promise@3.5.2"], ["react", "jsdotlua/react@17.2.1"], ["scheduler", "jsdotlua/scheduler@17.2.1"], ["shared", "jsdotlua/shared@17.2.1"]]

[[package]]
name = "jsdotlua/react-roblox"
version = "17.2.1"
dependencies = [["luau-polyfill", "jsdotlua/luau-polyfill@1.2.7"], ["react", "jsdotlua/react@17.2.1"], ["react-reconciler", "jsdotlua/react-reconciler@17.2.1"], ["scheduler", "jsdotlua/scheduler@17.2.1"], ["shared", "jsdotlua/shared@17.2.1"]]

[[package]]
name = "jsdotlua/scheduler"
version = "17.2.1"
dependencies = [["luau-polyfill", "jsdotlua/luau-polyfill@1.2.7"], ["shared", "jsdotlua/shared@17.2.1"]]

[[package]]
name = "jsdotlua/shared"
version = "17.2.1"
dependencies = [["luau-polyfill", "jsdotlua/luau-polyfill@1.2.7"]]

[[package]]
name = "jsdotlua/string"
version = "1.2.7"
dependencies = [["es7-types", "jsdotlua/es7-types@1.2.7"], ["number", "jsdotlua/number@1.2.7"]]

[[package]]
name = "jsdotlua/symbol-luau"
version = "1.0.1"
dependencies = []

[[package]]
name = "jsdotlua/timers"
version = "1.2.7"
dependencies = [["collections", "jsdotlua/collections@1.2.7"]]

[[package]]
name = "littensy/charm"
version = "0.8.1"
dependencies = []

[[package]]
name = "littensy/charm-sync"
version = "0.1.1"
dependencies = [["Charm", "littensy/charm@0.8.1"]]

[[package]]
name = "littensy/react-charm"
version = "0.1.1"
dependencies = [["Charm", "littensy/charm@0.8.1"], ["React", "jsdotlua/react@17.2.1"]]

[[package]]
name = "littensy/react-reflex"
version = "0.3.6"
dependencies = [["React", "jsdotlua/react@17.2.1"], ["Reflex", "littensy/reflex@4.3.1"]]

[[package]]
name = "littensy/reflex"
version = "4.3.1"
dependencies = [["Promise", "evaera/promise@4.0.0"]]

[[package]]
name = "littensy/remo"
version = "1.5.1"
dependencies = [["Promise", "evaera/promise@4.0.0"]]

[[package]]
name = "littensy/ripple"
version = "0.9.3"
dependencies = [["Promise", "evaera/promise@4.0.0"]]

[[package]]
name = "lukadev-0/typed-promise"
version = "4.0.2"
dependencies = [["Promise", "evaera/promise@4.0.0"]]

[[package]]
name = "pepeeltoro41/ui-labs"
version = "2.3.5"
dependencies = []

[[package]]
name = "roblox/testez"
version = "0.4.1"
dependencies = []
